
Microsoft Visual Studio Solution File, Format Version 12.00
# Visual Studio Version 17
VisualStudioVersion = 17.7.34221.43
MinimumVisualStudioVersion = 10.0.40219.1
Project("{FAE04EC0-301F-11D3-BF4B-00C04F79EFBC}") = "Bossfight nr 2", "Bossfight nr 2\Bossfight nr 2.csproj", "{E9DFD383-9CF5-42D6-97B8-F06F1D091D74}"
EndProject
Global
	GlobalSection(SolutionConfigurationPlatforms) = preSolution
		Debug|Any CPU = Debug|Any CPU
		Release|Any CPU = Release|Any CPU
	EndGlobalSection
	GlobalSection(ProjectConfigurationPlatforms) = postSolution
		{E9DFD383-9CF5-42D6-97B8-F06F1D091D74}.Debug|Any CPU.ActiveCfg = Debug|Any CPU
		{E9DFD383-9CF5-42D6-97B8-F06F1D091D74}.Debug|Any CPU.Build.0 = Debug|Any CPU
		{E9DFD383-9CF5-42D6-97B8-F06F1D091D74}.Release|Any CPU.ActiveCfg = Release|Any CPU
		{E9DFD383-9CF5-42D6-97B8-F06F1D091D74}.Release|Any CPU.Build.0 = Release|Any CPU
	EndGlobalSection
	GlobalSection(SolutionProperties) = preSolution
		HideSolutionNode = FALSE
	EndGlobalSection
	GlobalSection(ExtensibilityGlobals) = postSolution
		SolutionGuid = {D69B993D-1AD3-489B-A825-8F06D6FC2919}
	EndGlobalSection
EndGlobal
